// !$*UTF8*$!
{
	archiveVersion = 1;
	classes = {
	};
	objectVersion = 50;
	objects = {

/* Begin PBXBuildFile section */
		AB25BEF4246533CD002BE702 /* TestViewController.swift in Sources */ = {isa = PBXBuildFile; fileRef = AB25BEF3246533CD002BE702 /* TestViewController.swift */; };
		AB60D6DD221BE2E40046C00E /* AppDelegate.swift in Sources */ = {isa = PBXBuildFile; fileRef = AB60D6DC221BE2E40046C00E /* AppDelegate.swift */; };
		AB60D6DF221BE2E40046C00E /* ViewController.swift in Sources */ = {isa = PBXBuildFile; fileRef = AB60D6DE221BE2E40046C00E /* ViewController.swift */; };
		AB60D6E2221BE2E40046C00E /* Main.storyboard in Resources */ = {isa = PBXBuildFile; fileRef = AB60D6E0221BE2E40046C00E /* Main.storyboard */; };
		AB60D6E4221BE2E50046C00E /* Assets.xcassets in Resources */ = {isa = PBXBuildFile; fileRef = AB60D6E3221BE2E50046C00E /* Assets.xcassets */; };
		AB60D6E7221BE2E50046C00E /* LaunchScreen.storyboard in Resources */ = {isa = PBXBuildFile; fileRef = AB60D6E5221BE2E50046C00E /* LaunchScreen.storyboard */; };
		AB60D6F0221BE3490046C00E /* TestCollectionViewCell.swift in Sources */ = {isa = PBXBuildFile; fileRef = AB60D6EE221BE3490046C00E /* TestCollectionViewCell.swift */; };
		AB60D6F1221BE3490046C00E /* XLWaterLayout.swift in Sources */ = {isa = PBXBuildFile; fileRef = AB60D6EF221BE3490046C00E /* XLWaterLayout.swift */; };
/* End PBXBuildFile section */

/* Begin PBXFileReference section */
		AB25BEF3246533CD002BE702 /* TestViewController.swift */ = {isa = PBXFileReference; fileEncoding = 4; lastKnownFileType = sourcecode.swift; path = TestViewController.swift; sourceTree = "<group>"; };
		AB60D6D9221BE2E40046C00E /* XLWaterLayoutDemo.app */ = {isa = PBXFileReference; explicitFileType = wrapper.application; includeInIndex = 0; path = XLWaterLayoutDemo.app; sourceTree = BUILT_PRODUCTS_DIR; };
		AB60D6DC221BE2E40046C00E /* AppDelegate.swift */ = {isa = PBXFileReference; lastKnownFileType = sourcecode.swift; path = AppDelegate.swift; sourceTree = "<group>"; };
		AB60D6DE221BE2E40046C00E /* ViewController.swift */ = {isa = PBXFileReference; lastKnownFileType = sourcecode.swift; path = ViewController.swift; sourceTree = "<group>"; };
		AB60D6E1221BE2E40046C00E /* Base */ = {isa = PBXFileReference; lastKnownFileType = file.storyboard; name = Base; path = Base.lproj/Main.storyboard; sourceTree = "<group>"; };
		AB60D6E3221BE2E50046C00E /* Assets.xcassets */ = {isa = PBXFileReference; lastKnownFileType = folder.assetcatalog; path = Assets.xcassets; sourceTree = "<group>"; };
		AB60D6E6221BE2E50046C00E /* Base */ = {isa = PBXFileReference; lastKnownFileType = file.storyboard; name = Base; path = Base.lproj/LaunchScreen.storyboard; sourceTree = "<group>"; };
		AB60D6E8221BE2E50046C00E /* Info.plist */ = {isa = PBXFileReference; lastKnownFileType = text.plist.xml; path = Info.plist; sourceTree = "<group>"; };
		AB60D6EE221BE3490046C00E /* TestCollectionViewCell.swift */ = {isa = PBXFileReference; fileEncoding = 4; lastKnownFileType = sourcecode.swift; path = TestCollectionViewCell.swift; sourceTree = "<group>"; };
		AB60D6EF221BE3490046C00E /* XLWaterLayout.swift */ = {isa = PBXFileReference; fileEncoding = 4; lastKnownFileType = sourcecode.swift; path = XLWaterLayout.swift; sourceTree = "<group>"; };
/* End PBXFileReference section */

/* Begin PBXFrameworksBuildPhase section */
		AB60D6D6221BE2E40046C00E /* Frameworks */ = {
			isa = PBXFrameworksBuildPhase;
			buildActionMask = 2147483647;
			files = (
			);
			runOnlyForDeploymentPostprocessing = 0;
		};
/* End PBXFrameworksBuildPhase section */

/* Begin PBXGroup section */
		AB60D6D0221BE2E40046C00E = {
			isa = PBXGroup;
			children = (
				AB60D6DB221BE2E40046C00E /* XLWaterLayoutDemo */,
				AB60D6DA221BE2E40046C00E /* Products */,
			);
			sourceTree = "<group>";
		};
		AB60D6DA221BE2E40046C00E /* Products */ = {
			isa = PBXGroup;
			children = (
				AB60D6D9221BE2E40046C00E /* XLWaterLayoutDemo.app */,
			);
			name = Products;
			sourceTree = "<group>";
		};
		AB60D6DB221BE2E40046C00E /* XLWaterLayoutDemo */ = {
			isa = PBXGroup;
			children = (
				AB60D6EE221BE3490046C00E /* TestCollectionViewCell.swift */,
				AB60D6EF221BE3490046C00E /* XLWaterLayout.swift */,
				AB60D6DC221BE2E40046C00E /* AppDelegate.swift */,
				AB25BEF3246533CD002BE702 /* TestViewController.swift */,
				AB60D6DE221BE2E40046C00E /* ViewController.swift */,
				AB60D6E0221BE2E40046C00E /* Main.storyboard */,
				AB60D6E3221BE2E50046C00E /* Assets.xcassets */,
				AB60D6E5221BE2E50046C00E /* LaunchScreen.storyboard */,
				AB60D6E8221BE2E50046C00E /* Info.plist */,
			);
			path = XLWaterLayoutDemo;
			sourceTree = "<group>";
		};
/* End PBXGroup section */

/* Begin PBXNativeTarget section */
		AB60D6D8221BE2E40046C00E /* XLWaterLayoutDemo */ = {
			isa = PBXNativeTarget;
			buildConfigurationList = AB60D6EB221BE2E50046C00E /* Build configuration list for PBXNativeTarget "XLWaterLayoutDemo" */;
			buildPhases = (
				AB60D6D5221BE2E40046C00E /* Sources */,
				AB60D6D6221BE2E40046C00E /* Frameworks */,
				AB60D6D7221BE2E40046C00E /* Resources */,
			);
			buildRules = (
			);
			dependencies = (
			);
			name = XLWaterLayoutDemo;
			productName = XLWaterLayoutDemo;
			productReference = AB60D6D9221BE2E40046C00E /* XLWaterLayoutDemo.app */;
			productType = "com.apple.product-type.application";
		};
/* End PBXNativeTarget section */

/* Begin PBXProject section */
		AB60D6D1221BE2E40046C00E /* Project object */ = {
			isa = PBXProject;
			attributes = {
				LastSwiftUpdateCheck = 1010;
				LastUpgradeCheck = 1010;
				ORGANIZATIONNAME = xiaolei;
				TargetAttributes = {
					AB60D6D8221BE2E40046C00E = {
						CreatedOnToolsVersion = 10.1;
					};
				};
			};
			buildConfigurationList = AB60D6D4221BE2E40046C00E /* Build configuration list for PBXProject "XLWaterLayoutDemo" */;
			compatibilityVersion = "Xcode 9.3";
			developmentRegion = en;
			hasScannedForEncodings = 0;
			knownRegions = (
				en,
				Base,
			);
			mainGroup = AB60D6D0221BE2E40046C00E;
			productRefGroup = AB60D6DA221BE2E40046C00E /* Products */;
			projectDirPath = "";
			projectRoot = "";
			targets = (
				AB60D6D8221BE2E40046C00E /* XLWaterLayoutDemo */,
			);
		};
/* End PBXProject section */

/* Begin PBXResourcesBuildPhase section */
		AB60D6D7221BE2E40046C00E /* Resources */ = {
			isa = PBXResourcesBuildPhase;
			buildActionMask = 2147483647;
			files = (
				AB60D6E7221BE2E50046C00E /* LaunchScreen.storyboard in Resources */,
				AB60D6E4221BE2E50046C00E /* Assets.xcassets in Resources */,
				AB60D6E2221BE2E40046C00E /* Main.storyboard in Resources */,
			);
			runOnlyForDeploymentPostprocessing = 0;
		};
/* End PBXResourcesBuildPhase section */

/* Begin PBXSourcesBuildPhase section */
		AB60D6D5221BE2E40046C00E /* Sources */ = {
			isa = PBXSourcesBuildPhase;
			buildActionMask = 2147483647;
			files = (
				AB25BEF4246533CD002BE702 /* TestViewController.swift in Sources */,
				AB60D6F0221BE3490046C00E /* TestCollectionViewCell.swift in Sources */,
				AB60D6DF221BE2E40046C00E /* ViewController.swift in Sources */,
				AB60D6DD221BE2E40046C00E /* AppDelegate.swift in Sources */,
				AB60D6F1221BE3490046C00E /* XLWaterLayout.swift in Sources */,
			);
			runOnlyForDeploymentPostprocessing = 0;
		};
/* End PBXSourcesBuildPhase section */

/* Begin PBXVariantGroup section */
		AB60D6E0221BE2E40046C00E /* Main.storyboard */ = {
			isa = PBXVariantGroup;
			children = (
				AB60D6E1221BE2E40046C00E /* Base */,
			);
			name = Main.storyboard;
			sourceTree = "<group>";
		};
		AB60D6E5221BE2E50046C00E /* LaunchScreen.storyboard */ = {
			isa = PBXVariantGroup;
			children = (
				AB60D6E6221BE2E50046C00E /* Base */,
			);
			name = LaunchScreen.storyboard;
			sourceTree = "<group>";
		};
/* End PBXVariantGroup section */

/* Begin XCBuildConfiguration section */
		AB60D6E9221BE2E50046C00E /* Debug */ = {
			isa = XCBuildConfiguration;
			buildSettings = {
				ALWAYS_SEARCH_USER_PATHS = NO;
				CLANG_ANALYZER_NONNULL = YES;
				CLANG_ANALYZER_NUMBER_OBJECT_CONVERSION = YES_AGGRESSIVE;
				CLANG_CXX_LANGUAGE_STANDARD = "gnu++14";
				CLANG_CXX_LIBRARY = "libc++";
				CLANG_ENABLE_MODULES = YES;
				CLANG_ENABLE_OBJC_ARC = YES;
				CLANG_ENABLE_OBJC_WEAK = YES;
				CLANG_WARN_BLOCK_CAPTURE_AUTORELEASING = YES;
				CLANG_WARN_BOOL_CONVERSION = YES;
				CLANG_WARN_COMMA = YES;
				CLANG_WARN_CONSTANT_CONVERSION = YES;
				CLANG_WARN_DEPRECATED_OBJC_IMPLEMENTATIONS = YES;
				CLANG_WARN_DIRECT_OBJC_ISA_USAGE = YES_ERROR;
				CLANG_WARN_DOCUMENTATION_COMMENTS = YES;
				CLANG_WARN_EMPTY_BODY = YES;
				CLANG_WARN_ENUM_CONVERSION = YES;
				CLANG_WARN_INFINITE_RECURSION = YES;
				CLANG_WARN_INT_CONVERSION = YES;
				CLANG_WARN_NON_LITERAL_NULL_CONVERSION = YES;
				CLANG_WARN_OBJC_IMPLICIT_RETAIN_SELF = YES;
				CLANG_WARN_OBJC_LITERAL_CONVERSION = YES;
				CLANG_WARN_OBJC_ROOT_CLASS = YES_ERROR;
				CLANG_WARN_RANGE_LOOP_ANALYSIS = YES;
				CLANG_WARN_STRICT_PROTOTYPES = YES;
				CLANG_WARN_SUSPICIOUS_MOVE = YES;
				CLANG_WARN_UNGUARDED_AVAILABILITY = YES_AGGRESSIVE;
				CLANG_WARN_UNREACHABLE_CODE = YES;
				CLANG_WARN__DUPLICATE_METHOD_MATCH = YES;
				CODE_SIGN_IDENTITY = "iPhone Developer";
				COPY_PHASE_STRIP = NO;
				DEBUG_INFORMATION_FORMAT = dwarf;
				ENABLE_STRICT_OBJC_MSGSEND = YES;
				ENABLE_TESTABILITY = YES;
				GCC_C_LANGUAGE_STANDARD = gnu11;
				GCC_DYNAMIC_NO_PIC = NO;
				GCC_NO_COMMON_BLOCKS = YES;
				GCC_OPTIMIZATION_LEVEL = 0;
				GCC_PREPROCESSOR_DEFINITIONS = (
					"DEBUG=1",
					"$(inherited)",
				);
				GCC_WARN_64_TO_32_BIT_CONVERSION = YES;
				GCC_WARN_ABOUT_RETURN_TYPE = YES_ERROR;
				GCC_WARN_UNDECLARED_SELECTOR = YES;
				GCC_WARN_UNINITIALIZED_AUTOS = YES_AGGRESSIVE;
				GCC_WARN_UNUSED_FUNCTION = YES;
				GCC_WARN_UNUSED_VARIABLE = YES;
				IPHONEOS_DEPLOYMENT_TARGET = 12.1;
				MTL_ENABLE_DEBUG_INFO = INCLUDE_SOURCE;
				MTL_FAST_MATH = YES;
				ONLY_ACTIVE_ARCH = YES;
				SDKROOT = iphoneos;
				SWIFT_ACTIVE_COMPILATION_CONDITIONS = DEBUG;
				SWIFT_OPTIMIZATION_LEVEL = "-Onone";
			};
			name = Debug;
		};
		AB60D6EA221BE2E50046C00E /* Release */ = {
			isa = XCBuildConfiguration;
			buildSettings = {
				ALWAYS_SEARCH_USER_PATHS = NO;
				CLANG_ANALYZER_NONNULL = YES;
				CLANG_ANALYZER_NUMBER_OBJECT_CONVERSION = YES_AGGRESSIVE;
				CLANG_CXX_LANGUAGE_STANDARD = "gnu++14";
				CLANG_CXX_LIBRARY = "libc++";
				CLANG_ENABLE_MODULES = YES;
				CLANG_ENABLE_OBJC_ARC = YES;
				CLANG_ENABLE_OBJC_WEAK = YES;
				CLANG_WARN_BLOCK_CAPTURE_AUTORELEASING = YES;
				CLANG_WARN_BOOL_CONVERSION = YES;
				CLANG_WARN_COMMA = YES;
				CLANG_WARN_CONSTANT_CONVERSION = YES;
				CLANG_WARN_DEPRECATED_OBJC_IMPLEMENTATIONS = YES;
				CLANG_WARN_DIRECT_OBJC_ISA_USAGE = YES_ERROR;
				CLANG_WARN_DOCUMENTATION_COMMENTS = YES;
				CLANG_WARN_EMPTY_BODY = YES;
				CLANG_WARN_ENUM_CONVERSION = YES;
				CLANG_WARN_INFINITE_RECURSION = YES;
				CLANG_WARN_INT_CONVERSION = YES;
				CLANG_WARN_NON_LITERAL_NULL_CONVERSION = YES;
				CLANG_WARN_OBJC_IMPLICIT_RETAIN_SELF = YES;
				CLANG_WARN_OBJC_LITERAL_CONVERSION = YES;
				CLANG_WARN_OBJC_ROOT_CLASS = YES_ERROR;
				CLANG_WARN_RANGE_LOOP_ANALYSIS = YES;
				CLANG_WARN_STRICT_PROTOTYPES = YES;
				CLANG_WARN_SUSPICIOUS_MOVE = YES;
				CLANG_WARN_UNGUARDED_AVAILABILITY = YES_AGGRESSIVE;
				CLANG_WARN_UNREACHABLE_CODE = YES;
				CLANG_WARN__DUPLICATE_METHOD_MATCH = YES;
				CODE_SIGN_IDENTITY = "iPhone Developer";
				COPY_PHASE_STRIP = NO;
				DEBUG_INFORMATION_FORMAT = "dwarf-with-dsym";
				ENABLE_NS_ASSERTIONS = NO;
				ENABLE_STRICT_OBJC_MSGSEND = YES;
				GCC_C_LANGUAGE_STANDARD = gnu11;
				GCC_NO_COMMON_BLOCKS = YES;
				GCC_WARN_64_TO_32_BIT_CONVERSION = YES;
				GCC_WARN_ABOUT_RETURN_TYPE = YES_ERROR;
				GCC_WARN_UNDECLARED_SELECTOR = YES;
				GCC_WARN_UNINITIALIZED_AUTOS = YES_AGGRESSIVE;
				GCC_WARN_UNUSED_FUNCTION = YES;
				GCC_WARN_UNUSED_VARIABLE = YES;
				IPHONEOS_DEPLOYMENT_TARGET = 12.1;
				MTL_ENABLE_DEBUG_INFO = NO;
				MTL_FAST_MATH = YES;
				SDKROOT = iphoneos;
				SWIFT_COMPILATION_MODE = wholemodule;
				SWIFT_OPTIMIZATION_LEVEL = "-O";
				VALIDATE_PRODUCT = YES;
			};
			name = Release;
		};
		AB60D6EC221BE2E50046C00E /* Debug */ = {
			isa = XCBuildConfiguration;
			buildSettings = {
				ASSETCATALOG_COMPILER_APPICON_NAME = AppIcon;
				CODE_SIGN_STYLE = Automatic;
				INFOPLIST_FILE = XLWaterLayoutDemo/Info.plist;
				LD_RUNPATH_SEARCH_PATHS = (
					"$(inherited)",
					"@executable_path/Frameworks",
				);
				PRODUCT_BUNDLE_IDENTIFIER = xxx.XLWaterLayoutDemo;
				PRODUCT_NAME = "$(TARGET_NAME)";
				SWIFT_VERSION = 4.2;
				TARGETED_DEVICE_FAMILY = "1,2";
			};
			name = Debug;
		};
		AB60D6ED221BE2E50046C00E /* Release */ = {
			isa = XCBuildConfiguration;
			buildSettings = {
				ASSETCATALOG_COMPILER_APPICON_NAME = AppIcon;
				CODE_SIGN_STYLE = Automatic;
				INFOPLIST_FILE = XLWaterLayoutDemo/Info.plist;
				LD_RUNPATH_SEARCH_PATHS = (
					"$(inherited)",
					"@executable_path/Frameworks",
				);
				PRODUCT_BUNDLE_IDENTIFIER = xxx.XLWaterLayoutDemo;
				PRODUCT_NAME = "$(TARGET_NAME)";
				SWIFT_VERSION = 4.2;
				TARGETED_DEVICE_FAMILY = "1,2";
			};
			name = Release;
		};
/* End XCBuildConfiguration section */

/* Begin XCConfigurationList section */
		AB60D6D4221BE2E40046C00E /* Build configuration list for PBXProject "XLWaterLayoutDemo" */ = {
			isa = XCConfigurationList;
			buildConfigurations = (
				AB60D6E9221BE2E50046C00E /* Debug */,
				AB60D6EA221BE2E50046C00E /* Release */,
			);
			defaultConfigurationIsVisible = 0;
			defaultConfigurationName = Release;
		};
		AB60D6EB221BE2E50046C00E /* Build configuration list for PBXNativeTarget "XLWaterLayoutDemo" */ = {
			isa = XCConfigurationList;
			buildConfigurations = (
				AB60D6EC221BE2E50046C00E /* Debug */,
				AB60D6ED221BE2E50046C00E /* Release */,
			);
			defaultConfigurationIsVisible = 0;
			defaultConfigurationName = Release;
		};
/* End XCConfigurationList section */
	};
	rootObject = AB60D6D1221BE2E40046C00E /* Project object */;
}
